
Microsoft Visual Studio Solution File, Format Version 12.00
# Visual Studio Version 17
VisualStudioVersion = 17.8.34525.116
MinimumVisualStudioVersion = 10.0.40219.1
Project("{9A19103F-16F7-4668-BE54-9A1E7A4F7556}") = "Entities1", "Entities1\Entities1.csproj", "{B7A3D55F-CA14-46CD-BC1D-1FD0CE8CF13E}"
EndProject
Project("{9A19103F-16F7-4668-BE54-9A1E7A4F7556}") = "Business", "Business\Business.csproj", "{DA77A0D9-F350-47F8-B436-4211C37280C9}"
EndProject
Project("{FAE04EC0-301F-11D3-BF4B-00C04F79EFBC}") = "ConsoleApp1", "ConsoleApp1\ConsoleApp1.csproj", "{848E697C-C12A-4505-AB36-C4E447683868}"
EndProject
Global
	GlobalSection(SolutionConfigurationPlatforms) = preSolution
		Debug|Any CPU = Debug|Any CPU
		Release|Any CPU = Release|Any CPU
	EndGlobalSection
	GlobalSection(ProjectConfigurationPlatforms) = postSolution
		{B7A3D55F-CA14-46CD-BC1D-1FD0CE8CF13E}.Debug|Any CPU.ActiveCfg = Debug|Any CPU
		{B7A3D55F-CA14-46CD-BC1D-1FD0CE8CF13E}.Debug|Any CPU.Build.0 = Debug|Any CPU
		{B7A3D55F-CA14-46CD-BC1D-1FD0CE8CF13E}.Release|Any CPU.ActiveCfg = Release|Any CPU
		{B7A3D55F-CA14-46CD-BC1D-1FD0CE8CF13E}.Release|Any CPU.Build.0 = Release|Any CPU
		{DA77A0D9-F350-47F8-B436-4211C37280C9}.Debug|Any CPU.ActiveCfg = Debug|Any CPU
		{DA77A0D9-F350-47F8-B436-4211C37280C9}.Debug|Any CPU.Build.0 = Debug|Any CPU
		{DA77A0D9-F350-47F8-B436-4211C37280C9}.Release|Any CPU.ActiveCfg = Release|Any CPU
		{DA77A0D9-F350-47F8-B436-4211C37280C9}.Release|Any CPU.Build.0 = Release|Any CPU
		{848E697C-C12A-4505-AB36-C4E447683868}.Debug|Any CPU.ActiveCfg = Debug|Any CPU
		{848E697C-C12A-4505-AB36-C4E447683868}.Debug|Any CPU.Build.0 = Debug|Any CPU
		{848E697C-C12A-4505-AB36-C4E447683868}.Release|Any CPU.ActiveCfg = Release|Any CPU
		{848E697C-C12A-4505-AB36-C4E447683868}.Release|Any CPU.Build.0 = Release|Any CPU
	EndGlobalSection
	GlobalSection(SolutionProperties) = preSolution
		HideSolutionNode = FALSE
	EndGlobalSection
	GlobalSection(ExtensibilityGlobals) = postSolution
		SolutionGuid = {630F6045-4F01-4DC0-AC98-2ABCFE78F55C}
	EndGlobalSection
EndGlobal
